
Microsoft Visual Studio Solution File, Format Version 12.00
# Visual Studio 15
Project("{FAE04EC0-301F-11D3-BF4B-00C04F79EFBC}") = "Mahjong", "Mahjong.csproj", "{207CDDFD-1D4C-980C-B3BF-97799DA36863}"
EndProject
Project("{FAE04EC0-301F-11D3-BF4B-00C04F79EFBC}") = "Mahjong.Editor", "Mahjong.Editor.csproj", "{2146D26D-E272-7B1F-2128-F8FE378DD748}"
EndProject
Global
	GlobalSection(SolutionConfigurationPlatforms) = preSolution
		Debug|Any CPU = Debug|Any CPU
		Release|Any CPU = Release|Any CPU
	EndGlobalSection
	GlobalSection(ProjectConfigurationPlatforms) = postSolution
		{207CDDFD-1D4C-980C-B3BF-97799DA36863}.Debug|Any CPU.ActiveCfg = Debug|Any CPU
		{207CDDFD-1D4C-980C-B3BF-97799DA36863}.Debug|Any CPU.Build.0 = Debug|Any CPU
		{207CDDFD-1D4C-980C-B3BF-97799DA36863}.Release|Any CPU.ActiveCfg = Release|Any CPU
		{207CDDFD-1D4C-980C-B3BF-97799DA36863}.Release|Any CPU.Build.0 = Release|Any CPU
		{2146D26D-E272-7B1F-2128-F8FE378DD748}.Debug|Any CPU.ActiveCfg = Debug|Any CPU
		{2146D26D-E272-7B1F-2128-F8FE378DD748}.Debug|Any CPU.Build.0 = Debug|Any CPU
		{2146D26D-E272-7B1F-2128-F8FE378DD748}.Release|Any CPU.ActiveCfg = Release|Any CPU
		{2146D26D-E272-7B1F-2128-F8FE378DD748}.Release|Any CPU.Build.0 = Release|Any CPU
	EndGlobalSection
	GlobalSection(SolutionProperties) = preSolution
		HideSolutionNode = FALSE
	EndGlobalSection
EndGlobal
